
Microsoft Visual Studio Solution File, Format Version 12.00
# Visual Studio Version 16
VisualStudioVersion = 16.0.29025.244
MinimumVisualStudioVersion = 10.0.40219.1
Project("{FAE04EC0-301F-11D3-BF4B-00C04F79EFBC}") = "File System Watch", "progress\File System Watch.csproj", "{2594B901-5A15-45B1-9632-11ABA0925A7E}"
EndProject
Global
	GlobalSection(SolutionConfigurationPlatforms) = preSolution
		Debug|Any CPU = Debug|Any CPU
		Release|Any CPU = Release|Any CPU
	EndGlobalSection
	GlobalSection(ProjectConfigurationPlatforms) = postSolution
		{2594B901-5A15-45B1-9632-11ABA0925A7E}.Debug|Any CPU.ActiveCfg = Debug|Any CPU
		{2594B901-5A15-45B1-9632-11ABA0925A7E}.Debug|Any CPU.Build.0 = Debug|Any CPU
		{2594B901-5A15-45B1-9632-11ABA0925A7E}.Release|Any CPU.ActiveCfg = Release|Any CPU
		{2594B901-5A15-45B1-9632-11ABA0925A7E}.Release|Any CPU.Build.0 = Release|Any CPU
	EndGlobalSection
	GlobalSection(SolutionProperties) = preSolution
		HideSolutionNode = FALSE
	EndGlobalSection
	GlobalSection(ExtensibilityGlobals) = postSolution
		SolutionGuid = {B014A1A4-19A0-4CA0-9F45-E18EA6ACFD9F}
	EndGlobalSection
EndGlobal
